// !$*UTF8*$!
{
	archiveVersion = 1;
	classes = {
	};
	objectVersion = 50;
	objects = {

/* Begin PBXBuildFile section */
		D372571F217A4193006E8612 /* TYNumberPickerLineCell.swift in Sources */ = {isa = PBXBuildFile; fileRef = D372571E217A4193006E8612 /* TYNumberPickerLineCell.swift */; };
		D3E4D52920CD025200525883 /* AppDelegate.swift in Sources */ = {isa = PBXBuildFile; fileRef = D3E4D52820CD025200525883 /* AppDelegate.swift */; };
		D3E4D52B20CD025300525883 /* ViewController.swift in Sources */ = {isa = PBXBuildFile; fileRef = D3E4D52A20CD025300525883 /* ViewController.swift */; };
		D3E4D52E20CD025300525883 /* Main.storyboard in Resources */ = {isa = PBXBuildFile; fileRef = D3E4D52C20CD025300525883 /* Main.storyboard */; };
		D3E4D53020CD025400525883 /* TYNumberPicker.xcassets in Resources */ = {isa = PBXBuildFile; fileRef = D3E4D52F20CD025400525883 /* TYNumberPicker.xcassets */; };
		D3E4D53320CD025400525883 /* LaunchScreen.storyboard in Resources */ = {isa = PBXBuildFile; fileRef = D3E4D53120CD025400525883 /* LaunchScreen.storyboard */; };
		D3E4D53B20CD030900525883 /* TYNumberPicker.swift in Sources */ = {isa = PBXBuildFile; fileRef = D3E4D53A20CD030900525883 /* TYNumberPicker.swift */; };
		D3E4D53D20CD0AE800525883 /* UIView+Extensions.swift in Sources */ = {isa = PBXBuildFile; fileRef = D3E4D53C20CD0AE800525883 /* UIView+Extensions.swift */; };
/* End PBXBuildFile section */

/* Begin PBXFileReference section */
		D372571E217A4193006E8612 /* TYNumberPickerLineCell.swift */ = {isa = PBXFileReference; lastKnownFileType = sourcecode.swift; path = TYNumberPickerLineCell.swift; sourceTree = "<group>"; };
		D3E4D52520CD025200525883 /* NumberPicker.app */ = {isa = PBXFileReference; explicitFileType = wrapper.application; includeInIndex = 0; path = NumberPicker.app; sourceTree = BUILT_PRODUCTS_DIR; };
		D3E4D52820CD025200525883 /* AppDelegate.swift */ = {isa = PBXFileReference; lastKnownFileType = sourcecode.swift; path = AppDelegate.swift; sourceTree = "<group>"; };
		D3E4D52A20CD025300525883 /* ViewController.swift */ = {isa = PBXFileReference; lastKnownFileType = sourcecode.swift; path = ViewController.swift; sourceTree = "<group>"; };
		D3E4D52D20CD025300525883 /* Base */ = {isa = PBXFileReference; lastKnownFileType = file.storyboard; name = Base; path = Base.lproj/Main.storyboard; sourceTree = "<group>"; };
		D3E4D52F20CD025400525883 /* TYNumberPicker.xcassets */ = {isa = PBXFileReference; lastKnownFileType = folder.assetcatalog; path = TYNumberPicker.xcassets; sourceTree = "<group>"; };
		D3E4D53220CD025400525883 /* Base */ = {isa = PBXFileReference; lastKnownFileType = file.storyboard; name = Base; path = Base.lproj/LaunchScreen.storyboard; sourceTree = "<group>"; };
		D3E4D53420CD025400525883 /* Info.plist */ = {isa = PBXFileReference; lastKnownFileType = text.plist.xml; path = Info.plist; sourceTree = "<group>"; };
		D3E4D53A20CD030900525883 /* TYNumberPicker.swift */ = {isa = PBXFileReference; lastKnownFileType = sourcecode.swift; path = TYNumberPicker.swift; sourceTree = "<group>"; };
		D3E4D53C20CD0AE800525883 /* UIView+Extensions.swift */ = {isa = PBXFileReference; fileEncoding = 4; lastKnownFileType = sourcecode.swift; path = "UIView+Extensions.swift"; sourceTree = "<group>"; };
		D3F3773220D2E4850087C1EF /* README.md */ = {isa = PBXFileReference; lastKnownFileType = net.daringfireball.markdown; path = README.md; sourceTree = "<group>"; };
		D3F3773520D2E4FE0087C1EF /* ScreenShot */ = {isa = PBXFileReference; lastKnownFileType = folder; path = ScreenShot; sourceTree = "<group>"; };
/* End PBXFileReference section */

/* Begin PBXFrameworksBuildPhase section */
		D3E4D52220CD025200525883 /* Frameworks */ = {
			isa = PBXFrameworksBuildPhase;
			buildActionMask = 2147483647;
			files = (
			);
			runOnlyForDeploymentPostprocessing = 0;
		};
/* End PBXFrameworksBuildPhase section */

/* Begin PBXGroup section */
		D3C32FE120CD5BCB002E1CED /* TYNumberPicker */ = {
			isa = PBXGroup;
			children = (
				D3E4D53A20CD030900525883 /* TYNumberPicker.swift */,
				D372571E217A4193006E8612 /* TYNumberPickerLineCell.swift */,
				D3E4D53C20CD0AE800525883 /* UIView+Extensions.swift */,
				D3E4D52F20CD025400525883 /* TYNumberPicker.xcassets */,
			);
			path = TYNumberPicker;
			sourceTree = "<group>";
		};
		D3E4D51C20CD025200525883 = {
			isa = PBXGroup;
			children = (
				D3F3773220D2E4850087C1EF /* README.md */,
				D3F3773520D2E4FE0087C1EF /* ScreenShot */,
				D3E4D52720CD025200525883 /* NumberPicker */,
				D3E4D52620CD025200525883 /* Products */,
			);
			sourceTree = "<group>";
		};
		D3E4D52620CD025200525883 /* Products */ = {
			isa = PBXGroup;
			children = (
				D3E4D52520CD025200525883 /* NumberPicker.app */,
			);
			name = Products;
			sourceTree = "<group>";
		};
		D3E4D52720CD025200525883 /* NumberPicker */ = {
			isa = PBXGroup;
			children = (
				D3E4D52820CD025200525883 /* AppDelegate.swift */,
				D3E4D52A20CD025300525883 /* ViewController.swift */,
				D3C32FE120CD5BCB002E1CED /* TYNumberPicker */,
				D3E4D52C20CD025300525883 /* Main.storyboard */,
				D3E4D53120CD025400525883 /* LaunchScreen.storyboard */,
				D3E4D53420CD025400525883 /* Info.plist */,
			);
			path = NumberPicker;
			sourceTree = "<group>";
		};
/* End PBXGroup section */

/* Begin PBXNativeTarget section */
		D3E4D52420CD025200525883 /* NumberPicker */ = {
			isa = PBXNativeTarget;
			buildConfigurationList = D3E4D53720CD025400525883 /* Build configuration list for PBXNativeTarget "NumberPicker" */;
			buildPhases = (
				D3E4D52120CD025200525883 /* Sources */,
				D3E4D52220CD025200525883 /* Frameworks */,
				D3E4D52320CD025200525883 /* Resources */,
			);
			buildRules = (
			);
			dependencies = (
			);
			name = NumberPicker;
			productName = NumberPicker;
			productReference = D3E4D52520CD025200525883 /* NumberPicker.app */;
			productType = "com.apple.product-type.application";
		};
/* End PBXNativeTarget section */

/* Begin PBXProject section */
		D3E4D51D20CD025200525883 /* Project object */ = {
			isa = PBXProject;
			attributes = {
				LastSwiftUpdateCheck = 0940;
				LastUpgradeCheck = 0940;
				ORGANIZATIONNAME = "Yash Thaker";
				TargetAttributes = {
					D3E4D52420CD025200525883 = {
						CreatedOnToolsVersion = 9.4;
					};
				};
			};
			buildConfigurationList = D3E4D52020CD025200525883 /* Build configuration list for PBXProject "NumberPicker" */;
			compatibilityVersion = "Xcode 9.3";
			developmentRegion = en;
			hasScannedForEncodings = 0;
			knownRegions = (
				en,
				Base,
			);
			mainGroup = D3E4D51C20CD025200525883;
			productRefGroup = D3E4D52620CD025200525883 /* Products */;
			projectDirPath = "";
			projectRoot = "";
			targets = (
				D3E4D52420CD025200525883 /* NumberPicker */,
			);
		};
/* End PBXProject section */

/* Begin PBXResourcesBuildPhase section */
		D3E4D52320CD025200525883 /* Resources */ = {
			isa = PBXResourcesBuildPhase;
			buildActionMask = 2147483647;
			files = (
				D3E4D53320CD025400525883 /* LaunchScreen.storyboard in Resources */,
				D3E4D53020CD025400525883 /* TYNumberPicker.xcassets in Resources */,
				D3E4D52E20CD025300525883 /* Main.storyboard in Resources */,
			);
			runOnlyForDeploymentPostprocessing = 0;
		};
/* End PBXResourcesBuildPhase section */

/* Begin PBXSourcesBuildPhase section */
		D3E4D52120CD025200525883 /* Sources */ = {
			isa = PBXSourcesBuildPhase;
			buildActionMask = 2147483647;
			files = (
				D3E4D53B20CD030900525883 /* TYNumberPicker.swift in Sources */,
				D372571F217A4193006E8612 /* TYNumberPickerLineCell.swift in Sources */,
				D3E4D52B20CD025300525883 /* ViewController.swift in Sources */,
				D3E4D53D20CD0AE800525883 /* UIView+Extensions.swift in Sources */,
				D3E4D52920CD025200525883 /* AppDelegate.swift in Sources */,
			);
			runOnlyForDeploymentPostprocessing = 0;
		};
/* End PBXSourcesBuildPhase section */

/* Begin PBXVariantGroup section */
		D3E4D52C20CD025300525883 /* Main.storyboard */ = {
			isa = PBXVariantGroup;
			children = (
				D3E4D52D20CD025300525883 /* Base */,
			);
			name = Main.storyboard;
			sourceTree = "<group>";
		};
		D3E4D53120CD025400525883 /* LaunchScreen.storyboard */ = {
			isa = PBXVariantGroup;
			children = (
				D3E4D53220CD025400525883 /* Base */,
			);
			name = LaunchScreen.storyboard;
			sourceTree = "<group>";
		};
/* End PBXVariantGroup section */

/* Begin XCBuildConfiguration section */
		D3E4D53520CD025400525883 /* Debug */ = {
			isa = XCBuildConfiguration;
			buildSettings = {
				ALWAYS_SEARCH_USER_PATHS = NO;
				CLANG_ANALYZER_NONNULL = YES;
				CLANG_ANALYZER_NUMBER_OBJECT_CONVERSION = YES_AGGRESSIVE;
				CLANG_CXX_LANGUAGE_STANDARD = "gnu++14";
				CLANG_CXX_LIBRARY = "libc++";
				CLANG_ENABLE_MODULES = YES;
				CLANG_ENABLE_OBJC_ARC = YES;
				CLANG_ENABLE_OBJC_WEAK = YES;
				CLANG_WARN_BLOCK_CAPTURE_AUTORELEASING = YES;
				CLANG_WARN_BOOL_CONVERSION = YES;
				CLANG_WARN_COMMA = YES;
				CLANG_WARN_CONSTANT_CONVERSION = YES;
				CLANG_WARN_DEPRECATED_OBJC_IMPLEMENTATIONS = YES;
				CLANG_WARN_DIRECT_OBJC_ISA_USAGE = YES_ERROR;
				CLANG_WARN_DOCUMENTATION_COMMENTS = YES;
				CLANG_WARN_EMPTY_BODY = YES;
				CLANG_WARN_ENUM_CONVERSION = YES;
				CLANG_WARN_INFINITE_RECURSION = YES;
				CLANG_WARN_INT_CONVERSION = YES;
				CLANG_WARN_NON_LITERAL_NULL_CONVERSION = YES;
				CLANG_WARN_OBJC_IMPLICIT_RETAIN_SELF = YES;
				CLANG_WARN_OBJC_LITERAL_CONVERSION = YES;
				CLANG_WARN_OBJC_ROOT_CLASS = YES_ERROR;
				CLANG_WARN_RANGE_LOOP_ANALYSIS = YES;
				CLANG_WARN_STRICT_PROTOTYPES = YES;
				CLANG_WARN_SUSPICIOUS_MOVE = YES;
				CLANG_WARN_UNGUARDED_AVAILABILITY = YES_AGGRESSIVE;
				CLANG_WARN_UNREACHABLE_CODE = YES;
				CLANG_WARN__DUPLICATE_METHOD_MATCH = YES;
				CODE_SIGN_IDENTITY = "iPhone Developer";
				COPY_PHASE_STRIP = NO;
				DEBUG_INFORMATION_FORMAT = dwarf;
				ENABLE_STRICT_OBJC_MSGSEND = YES;
				ENABLE_TESTABILITY = YES;
				GCC_C_LANGUAGE_STANDARD = gnu11;
				GCC_DYNAMIC_NO_PIC = NO;
				GCC_NO_COMMON_BLOCKS = YES;
				GCC_OPTIMIZATION_LEVEL = 0;
				GCC_PREPROCESSOR_DEFINITIONS = (
					"DEBUG=1",
					"$(inherited)",
				);
				GCC_WARN_64_TO_32_BIT_CONVERSION = YES;
				GCC_WARN_ABOUT_RETURN_TYPE = YES_ERROR;
				GCC_WARN_UNDECLARED_SELECTOR = YES;
				GCC_WARN_UNINITIALIZED_AUTOS = YES_AGGRESSIVE;
				GCC_WARN_UNUSED_FUNCTION = YES;
				GCC_WARN_UNUSED_VARIABLE = YES;
				IPHONEOS_DEPLOYMENT_TARGET = 11.4;
				MTL_ENABLE_DEBUG_INFO = YES;
				ONLY_ACTIVE_ARCH = YES;
				SDKROOT = iphoneos;
				SWIFT_ACTIVE_COMPILATION_CONDITIONS = DEBUG;
				SWIFT_OPTIMIZATION_LEVEL = "-Onone";
			};
			name = Debug;
		};
		D3E4D53620CD025400525883 /* Release */ = {
			isa = XCBuildConfiguration;
			buildSettings = {
				ALWAYS_SEARCH_USER_PATHS = NO;
				CLANG_ANALYZER_NONNULL = YES;
				CLANG_ANALYZER_NUMBER_OBJECT_CONVERSION = YES_AGGRESSIVE;
				CLANG_CXX_LANGUAGE_STANDARD = "gnu++14";
				CLANG_CXX_LIBRARY = "libc++";
				CLANG_ENABLE_MODULES = YES;
				CLANG_ENABLE_OBJC_ARC = YES;
				CLANG_ENABLE_OBJC_WEAK = YES;
				CLANG_WARN_BLOCK_CAPTURE_AUTORELEASING = YES;
				CLANG_WARN_BOOL_CONVERSION = YES;
				CLANG_WARN_COMMA = YES;
				CLANG_WARN_CONSTANT_CONVERSION = YES;
				CLANG_WARN_DEPRECATED_OBJC_IMPLEMENTATIONS = YES;
				CLANG_WARN_DIRECT_OBJC_ISA_USAGE = YES_ERROR;
				CLANG_WARN_DOCUMENTATION_COMMENTS = YES;
				CLANG_WARN_EMPTY_BODY = YES;
				CLANG_WARN_ENUM_CONVERSION = YES;
				CLANG_WARN_INFINITE_RECURSION = YES;
				CLANG_WARN_INT_CONVERSION = YES;
				CLANG_WARN_NON_LITERAL_NULL_CONVERSION = YES;
				CLANG_WARN_OBJC_IMPLICIT_RETAIN_SELF = YES;
				CLANG_WARN_OBJC_LITERAL_CONVERSION = YES;
				CLANG_WARN_OBJC_ROOT_CLASS = YES_ERROR;
				CLANG_WARN_RANGE_LOOP_ANALYSIS = YES;
				CLANG_WARN_STRICT_PROTOTYPES = YES;
				CLANG_WARN_SUSPICIOUS_MOVE = YES;
				CLANG_WARN_UNGUARDED_AVAILABILITY = YES_AGGRESSIVE;
				CLANG_WARN_UNREACHABLE_CODE = YES;
				CLANG_WARN__DUPLICATE_METHOD_MATCH = YES;
				CODE_SIGN_IDENTITY = "iPhone Developer";
				COPY_PHASE_STRIP = NO;
				DEBUG_INFORMATION_FORMAT = "dwarf-with-dsym";
				ENABLE_NS_ASSERTIONS = NO;
				ENABLE_STRICT_OBJC_MSGSEND = YES;
				GCC_C_LANGUAGE_STANDARD = gnu11;
				GCC_NO_COMMON_BLOCKS = YES;
				GCC_WARN_64_TO_32_BIT_CONVERSION = YES;
				GCC_WARN_ABOUT_RETURN_TYPE = YES_ERROR;
				GCC_WARN_UNDECLARED_SELECTOR = YES;
				GCC_WARN_UNINITIALIZED_AUTOS = YES_AGGRESSIVE;
				GCC_WARN_UNUSED_FUNCTION = YES;
				GCC_WARN_UNUSED_VARIABLE = YES;
				IPHONEOS_DEPLOYMENT_TARGET = 11.4;
				MTL_ENABLE_DEBUG_INFO = NO;
				SDKROOT = iphoneos;
				SWIFT_COMPILATION_MODE = wholemodule;
				SWIFT_OPTIMIZATION_LEVEL = "-O";
				VALIDATE_PRODUCT = YES;
			};
			name = Release;
		};
		D3E4D53820CD025400525883 /* Debug */ = {
			isa = XCBuildConfiguration;
			buildSettings = {
				ASSETCATALOG_COMPILER_APPICON_NAME = AppIcon;
				CODE_SIGN_STYLE = Automatic;
				DEVELOPMENT_TEAM = FWQ7N3RX7G;
				INFOPLIST_FILE = NumberPicker/Info.plist;
				IPHONEOS_DEPLOYMENT_TARGET = 11.0;
				LD_RUNPATH_SEARCH_PATHS = (
					"$(inherited)",
					"@executable_path/Frameworks",
				);
				PRODUCT_BUNDLE_IDENTIFIER = com.YashThaker.NumberPicker;
				PRODUCT_NAME = "$(TARGET_NAME)";
				SWIFT_VERSION = 4.0;
				TARGETED_DEVICE_FAMILY = "1,2";
			};
			name = Debug;
		};
		D3E4D53920CD025400525883 /* Release */ = {
			isa = XCBuildConfiguration;
			buildSettings = {
				ASSETCATALOG_COMPILER_APPICON_NAME = AppIcon;
				CODE_SIGN_STYLE = Automatic;
				DEVELOPMENT_TEAM = FWQ7N3RX7G;
				INFOPLIST_FILE = NumberPicker/Info.plist;
				IPHONEOS_DEPLOYMENT_TARGET = 11.0;
				LD_RUNPATH_SEARCH_PATHS = (
					"$(inherited)",
					"@executable_path/Frameworks",
				);
				PRODUCT_BUNDLE_IDENTIFIER = com.YashThaker.NumberPicker;
				PRODUCT_NAME = "$(TARGET_NAME)";
				SWIFT_VERSION = 4.0;
				TARGETED_DEVICE_FAMILY = "1,2";
			};
			name = Release;
		};
/* End XCBuildConfiguration section */

/* Begin XCConfigurationList section */
		D3E4D52020CD025200525883 /* Build configuration list for PBXProject "NumberPicker" */ = {
			isa = XCConfigurationList;
			buildConfigurations = (
				D3E4D53520CD025400525883 /* Debug */,
				D3E4D53620CD025400525883 /* Release */,
			);
			defaultConfigurationIsVisible = 0;
			defaultConfigurationName = Release;
		};
		D3E4D53720CD025400525883 /* Build configuration list for PBXNativeTarget "NumberPicker" */ = {
			isa = XCConfigurationList;
			buildConfigurations = (
				D3E4D53820CD025400525883 /* Debug */,
				D3E4D53920CD025400525883 /* Release */,
			);
			defaultConfigurationIsVisible = 0;
			defaultConfigurationName = Release;
		};
/* End XCConfigurationList section */
	};
	rootObject = D3E4D51D20CD025200525883 /* Project object */;
}
